
Microsoft Visual Studio Solution File, Format Version 12.00
# Visual Studio Version 16
VisualStudioVersion = 16.0.32126.315
MinimumVisualStudioVersion = 10.0.40219.1
Project("{8BC9CEB8-8B4A-11D0-8D11-00A0C91BC942}") = "TypeLists", "TypeLists\TypeLists.vcxproj", "{A3A1EE22-A49E-4BD2-B7B2-7ECBADFEF089}"
EndProject
Project("{8BC9CEB8-8B4A-11D0-8D11-00A0C91BC942}") = "TypeListTests", "TypeListTests\TypeListTests.vcxproj", "{7022C251-1FAB-43E2-8D29-8B03ED2981D5}"
EndProject
Global
	GlobalSection(SolutionConfigurationPlatforms) = preSolution
		Debug|x64 = Debug|x64
		Debug|x86 = Debug|x86
		Release|x64 = Release|x64
		Release|x86 = Release|x86
	EndGlobalSection
	GlobalSection(ProjectConfigurationPlatforms) = postSolution
		{A3A1EE22-A49E-4BD2-B7B2-7ECBADFEF089}.Debug|x64.ActiveCfg = Debug|x64
		{A3A1EE22-A49E-4BD2-B7B2-7ECBADFEF089}.Debug|x64.Build.0 = Debug|x64
		{A3A1EE22-A49E-4BD2-B7B2-7ECBADFEF089}.Debug|x86.ActiveCfg = Debug|Win32
		{A3A1EE22-A49E-4BD2-B7B2-7ECBADFEF089}.Debug|x86.Build.0 = Debug|Win32
		{A3A1EE22-A49E-4BD2-B7B2-7ECBADFEF089}.Release|x64.ActiveCfg = Release|x64
		{A3A1EE22-A49E-4BD2-B7B2-7ECBADFEF089}.Release|x64.Build.0 = Release|x64
		{A3A1EE22-A49E-4BD2-B7B2-7ECBADFEF089}.Release|x86.ActiveCfg = Release|Win32
		{A3A1EE22-A49E-4BD2-B7B2-7ECBADFEF089}.Release|x86.Build.0 = Release|Win32
		{7022C251-1FAB-43E2-8D29-8B03ED2981D5}.Debug|x64.ActiveCfg = Debug|x64
		{7022C251-1FAB-43E2-8D29-8B03ED2981D5}.Debug|x64.Build.0 = Debug|x64
		{7022C251-1FAB-43E2-8D29-8B03ED2981D5}.Debug|x86.ActiveCfg = Debug|Win32
		{7022C251-1FAB-43E2-8D29-8B03ED2981D5}.Debug|x86.Build.0 = Debug|Win32
		{7022C251-1FAB-43E2-8D29-8B03ED2981D5}.Release|x64.ActiveCfg = Release|x64
		{7022C251-1FAB-43E2-8D29-8B03ED2981D5}.Release|x64.Build.0 = Release|x64
		{7022C251-1FAB-43E2-8D29-8B03ED2981D5}.Release|x86.ActiveCfg = Release|Win32
		{7022C251-1FAB-43E2-8D29-8B03ED2981D5}.Release|x86.Build.0 = Release|Win32
	EndGlobalSection
	GlobalSection(SolutionProperties) = preSolution
		HideSolutionNode = FALSE
	EndGlobalSection
	GlobalSection(ExtensibilityGlobals) = postSolution
		SolutionGuid = {7F5B4EA2-6C4E-4584-A3C2-97A3D505B48D}
	EndGlobalSection
EndGlobal
